// !$*UTF8*$!
{
	archiveVersion = 1;
	classes = {
	};
	objectVersion = 56;
	objects = {

/* Begin PBXBuildFile section */
		F797A11F2BCD1401003B2779 /* AppDelegate.swift in Sources */ = {isa = PBXBuildFile; fileRef = F797A11E2BCD1401003B2779 /* AppDelegate.swift */; };
		F797A1212BCD1401003B2779 /* SceneDelegate.swift in Sources */ = {isa = PBXBuildFile; fileRef = F797A1202BCD1401003B2779 /* SceneDelegate.swift */; };
		F797A1232BCD1401003B2779 /* ViewController.swift in Sources */ = {isa = PBXBuildFile; fileRef = F797A1222BCD1401003B2779 /* ViewController.swift */; };
		F797A1262BCD1401003B2779 /* Main.storyboard in Resources */ = {isa = PBXBuildFile; fileRef = F797A1242BCD1401003B2779 /* Main.storyboard */; };
		F797A1282BCD1405003B2779 /* Assets.xcassets in Resources */ = {isa = PBXBuildFile; fileRef = F797A1272BCD1405003B2779 /* Assets.xcassets */; };
		F797A12B2BCD1405003B2779 /* LaunchScreen.storyboard in Resources */ = {isa = PBXBuildFile; fileRef = F797A1292BCD1405003B2779 /* LaunchScreen.storyboard */; };
		F797A1332BCD1430003B2779 /* TestProtocol.swift in Sources */ = {isa = PBXBuildFile; fileRef = F797A1322BCD1430003B2779 /* TestProtocol.swift */; };
		F797A1372BCD2CB0003B2779 /* TestObjcClass.swift in Sources */ = {isa = PBXBuildFile; fileRef = F797A1362BCD2CB0003B2779 /* TestObjcClass.swift */; };
		F797A1392BCD2DED003B2779 /* TestObjcDynamic.swift in Sources */ = {isa = PBXBuildFile; fileRef = F797A1382BCD2DED003B2779 /* TestObjcDynamic.swift */; };
		F797A13B2BCD2EEE003B2779 /* TestStruct.swift in Sources */ = {isa = PBXBuildFile; fileRef = F797A13A2BCD2EEE003B2779 /* TestStruct.swift */; };
		F797A13D2BCD3218003B2779 /* TestClass.swift in Sources */ = {isa = PBXBuildFile; fileRef = F797A13C2BCD3218003B2779 /* TestClass.swift */; };
/* End PBXBuildFile section */

/* Begin PBXFileReference section */
		F797A11B2BCD1401003B2779 /* Test-Swift-Dispatch.app */ = {isa = PBXFileReference; explicitFileType = wrapper.application; includeInIndex = 0; path = "Test-Swift-Dispatch.app"; sourceTree = BUILT_PRODUCTS_DIR; };
		F797A11E2BCD1401003B2779 /* AppDelegate.swift */ = {isa = PBXFileReference; lastKnownFileType = sourcecode.swift; path = AppDelegate.swift; sourceTree = "<group>"; };
		F797A1202BCD1401003B2779 /* SceneDelegate.swift */ = {isa = PBXFileReference; lastKnownFileType = sourcecode.swift; path = SceneDelegate.swift; sourceTree = "<group>"; };
		F797A1222BCD1401003B2779 /* ViewController.swift */ = {isa = PBXFileReference; lastKnownFileType = sourcecode.swift; path = ViewController.swift; sourceTree = "<group>"; };
		F797A1252BCD1401003B2779 /* Base */ = {isa = PBXFileReference; lastKnownFileType = file.storyboard; name = Base; path = Base.lproj/Main.storyboard; sourceTree = "<group>"; };
		F797A1272BCD1405003B2779 /* Assets.xcassets */ = {isa = PBXFileReference; lastKnownFileType = folder.assetcatalog; path = Assets.xcassets; sourceTree = "<group>"; };
		F797A12A2BCD1405003B2779 /* Base */ = {isa = PBXFileReference; lastKnownFileType = file.storyboard; name = Base; path = Base.lproj/LaunchScreen.storyboard; sourceTree = "<group>"; };
		F797A12C2BCD1405003B2779 /* Info.plist */ = {isa = PBXFileReference; lastKnownFileType = text.plist.xml; path = Info.plist; sourceTree = "<group>"; };
		F797A1322BCD1430003B2779 /* TestProtocol.swift */ = {isa = PBXFileReference; lastKnownFileType = sourcecode.swift; path = TestProtocol.swift; sourceTree = "<group>"; };
		F797A1362BCD2CB0003B2779 /* TestObjcClass.swift */ = {isa = PBXFileReference; lastKnownFileType = sourcecode.swift; path = TestObjcClass.swift; sourceTree = "<group>"; };
		F797A1382BCD2DED003B2779 /* TestObjcDynamic.swift */ = {isa = PBXFileReference; lastKnownFileType = sourcecode.swift; path = TestObjcDynamic.swift; sourceTree = "<group>"; };
		F797A13A2BCD2EEE003B2779 /* TestStruct.swift */ = {isa = PBXFileReference; lastKnownFileType = sourcecode.swift; path = TestStruct.swift; sourceTree = "<group>"; };
		F797A13C2BCD3218003B2779 /* TestClass.swift */ = {isa = PBXFileReference; lastKnownFileType = sourcecode.swift; path = TestClass.swift; sourceTree = "<group>"; };
/* End PBXFileReference section */

/* Begin PBXFrameworksBuildPhase section */
		F797A1182BCD1401003B2779 /* Frameworks */ = {
			isa = PBXFrameworksBuildPhase;
			buildActionMask = 2147483647;
			files = (
			);
			runOnlyForDeploymentPostprocessing = 0;
		};
/* End PBXFrameworksBuildPhase section */

/* Begin PBXGroup section */
		F797A1122BCD1401003B2779 = {
			isa = PBXGroup;
			children = (
				F797A11D2BCD1401003B2779 /* Test-Swift-Dispatch */,
				F797A11C2BCD1401003B2779 /* Products */,
			);
			sourceTree = "<group>";
		};
		F797A11C2BCD1401003B2779 /* Products */ = {
			isa = PBXGroup;
			children = (
				F797A11B2BCD1401003B2779 /* Test-Swift-Dispatch.app */,
			);
			name = Products;
			sourceTree = "<group>";
		};
		F797A11D2BCD1401003B2779 /* Test-Swift-Dispatch */ = {
			isa = PBXGroup;
			children = (
				F797A11E2BCD1401003B2779 /* AppDelegate.swift */,
				F797A1272BCD1405003B2779 /* Assets.xcassets */,
				F797A12C2BCD1405003B2779 /* Info.plist */,
				F797A1292BCD1405003B2779 /* LaunchScreen.storyboard */,
				F797A1242BCD1401003B2779 /* Main.storyboard */,
				F797A1202BCD1401003B2779 /* SceneDelegate.swift */,
				F797A13C2BCD3218003B2779 /* TestClass.swift */,
				F797A1362BCD2CB0003B2779 /* TestObjcClass.swift */,
				F797A1382BCD2DED003B2779 /* TestObjcDynamic.swift */,
				F797A1322BCD1430003B2779 /* TestProtocol.swift */,
				F797A13A2BCD2EEE003B2779 /* TestStruct.swift */,
				F797A1222BCD1401003B2779 /* ViewController.swift */,
			);
			path = "Test-Swift-Dispatch";
			sourceTree = "<group>";
		};
/* End PBXGroup section */

/* Begin PBXNativeTarget section */
		F797A11A2BCD1401003B2779 /* Test-Swift-Dispatch */ = {
			isa = PBXNativeTarget;
			buildConfigurationList = F797A12F2BCD1405003B2779 /* Build configuration list for PBXNativeTarget "Test-Swift-Dispatch" */;
			buildPhases = (
				F797A1172BCD1401003B2779 /* Sources */,
				F797A1182BCD1401003B2779 /* Frameworks */,
				F797A1192BCD1401003B2779 /* Resources */,
			);
			buildRules = (
			);
			dependencies = (
			);
			name = "Test-Swift-Dispatch";
			productName = "Test-Swift-Dispatch";
			productReference = F797A11B2BCD1401003B2779 /* Test-Swift-Dispatch.app */;
			productType = "com.apple.product-type.application";
		};
/* End PBXNativeTarget section */

/* Begin PBXProject section */
		F797A1132BCD1401003B2779 /* Project object */ = {
			isa = PBXProject;
			attributes = {
				BuildIndependentTargetsInParallel = 1;
				LastSwiftUpdateCheck = 1510;
				LastUpgradeCheck = 1510;
				TargetAttributes = {
					F797A11A2BCD1401003B2779 = {
						CreatedOnToolsVersion = 15.1;
					};
				};
			};
			buildConfigurationList = F797A1162BCD1401003B2779 /* Build configuration list for PBXProject "Test-Swift-Dispatch" */;
			compatibilityVersion = "Xcode 14.0";
			developmentRegion = en;
			hasScannedForEncodings = 0;
			knownRegions = (
				en,
				Base,
			);
			mainGroup = F797A1122BCD1401003B2779;
			productRefGroup = F797A11C2BCD1401003B2779 /* Products */;
			projectDirPath = "";
			projectRoot = "";
			targets = (
				F797A11A2BCD1401003B2779 /* Test-Swift-Dispatch */,
			);
		};
/* End PBXProject section */

/* Begin PBXResourcesBuildPhase section */
		F797A1192BCD1401003B2779 /* Resources */ = {
			isa = PBXResourcesBuildPhase;
			buildActionMask = 2147483647;
			files = (
				F797A12B2BCD1405003B2779 /* LaunchScreen.storyboard in Resources */,
				F797A1282BCD1405003B2779 /* Assets.xcassets in Resources */,
				F797A1262BCD1401003B2779 /* Main.storyboard in Resources */,
			);
			runOnlyForDeploymentPostprocessing = 0;
		};
/* End PBXResourcesBuildPhase section */

/* Begin PBXSourcesBuildPhase section */
		F797A1172BCD1401003B2779 /* Sources */ = {
			isa = PBXSourcesBuildPhase;
			buildActionMask = 2147483647;
			files = (
				F797A13D2BCD3218003B2779 /* TestClass.swift in Sources */,
				F797A1372BCD2CB0003B2779 /* TestObjcClass.swift in Sources */,
				F797A1232BCD1401003B2779 /* ViewController.swift in Sources */,
				F797A1392BCD2DED003B2779 /* TestObjcDynamic.swift in Sources */,
				F797A11F2BCD1401003B2779 /* AppDelegate.swift in Sources */,
				F797A1212BCD1401003B2779 /* SceneDelegate.swift in Sources */,
				F797A1332BCD1430003B2779 /* TestProtocol.swift in Sources */,
				F797A13B2BCD2EEE003B2779 /* TestStruct.swift in Sources */,
			);
			runOnlyForDeploymentPostprocessing = 0;
		};
/* End PBXSourcesBuildPhase section */

/* Begin PBXVariantGroup section */
		F797A1242BCD1401003B2779 /* Main.storyboard */ = {
			isa = PBXVariantGroup;
			children = (
				F797A1252BCD1401003B2779 /* Base */,
			);
			name = Main.storyboard;
			sourceTree = "<group>";
		};
		F797A1292BCD1405003B2779 /* LaunchScreen.storyboard */ = {
			isa = PBXVariantGroup;
			children = (
				F797A12A2BCD1405003B2779 /* Base */,
			);
			name = LaunchScreen.storyboard;
			sourceTree = "<group>";
		};
/* End PBXVariantGroup section */

/* Begin XCBuildConfiguration section */
		F797A12D2BCD1405003B2779 /* Debug */ = {
			isa = XCBuildConfiguration;
			buildSettings = {
				ALWAYS_SEARCH_USER_PATHS = NO;
				ASSETCATALOG_COMPILER_GENERATE_SWIFT_ASSET_SYMBOL_EXTENSIONS = YES;
				CLANG_ANALYZER_NONNULL = YES;
				CLANG_ANALYZER_NUMBER_OBJECT_CONVERSION = YES_AGGRESSIVE;
				CLANG_CXX_LANGUAGE_STANDARD = "gnu++20";
				CLANG_ENABLE_MODULES = YES;
				CLANG_ENABLE_OBJC_ARC = YES;
				CLANG_ENABLE_OBJC_WEAK = YES;
				CLANG_WARN_BLOCK_CAPTURE_AUTORELEASING = YES;
				CLANG_WARN_BOOL_CONVERSION = YES;
				CLANG_WARN_COMMA = YES;
				CLANG_WARN_CONSTANT_CONVERSION = YES;
				CLANG_WARN_DEPRECATED_OBJC_IMPLEMENTATIONS = YES;
				CLANG_WARN_DIRECT_OBJC_ISA_USAGE = YES_ERROR;
				CLANG_WARN_DOCUMENTATION_COMMENTS = YES;
				CLANG_WARN_EMPTY_BODY = YES;
				CLANG_WARN_ENUM_CONVERSION = YES;
				CLANG_WARN_INFINITE_RECURSION = YES;
				CLANG_WARN_INT_CONVERSION = YES;
				CLANG_WARN_NON_LITERAL_NULL_CONVERSION = YES;
				CLANG_WARN_OBJC_IMPLICIT_RETAIN_SELF = YES;
				CLANG_WARN_OBJC_LITERAL_CONVERSION = YES;
				CLANG_WARN_OBJC_ROOT_CLASS = YES_ERROR;
				CLANG_WARN_QUOTED_INCLUDE_IN_FRAMEWORK_HEADER = YES;
				CLANG_WARN_RANGE_LOOP_ANALYSIS = YES;
				CLANG_WARN_STRICT_PROTOTYPES = YES;
				CLANG_WARN_SUSPICIOUS_MOVE = YES;
				CLANG_WARN_UNGUARDED_AVAILABILITY = YES_AGGRESSIVE;
				CLANG_WARN_UNREACHABLE_CODE = YES;
				CLANG_WARN__DUPLICATE_METHOD_MATCH = YES;
				COPY_PHASE_STRIP = NO;
				DEBUG_INFORMATION_FORMAT = dwarf;
				ENABLE_STRICT_OBJC_MSGSEND = YES;
				ENABLE_TESTABILITY = YES;
				ENABLE_USER_SCRIPT_SANDBOXING = YES;
				GCC_C_LANGUAGE_STANDARD = gnu17;
				GCC_DYNAMIC_NO_PIC = NO;
				GCC_NO_COMMON_BLOCKS = YES;
				GCC_OPTIMIZATION_LEVEL = 0;
				GCC_PREPROCESSOR_DEFINITIONS = (
					"DEBUG=1",
					"$(inherited)",
				);
				GCC_WARN_64_TO_32_BIT_CONVERSION = YES;
				GCC_WARN_ABOUT_RETURN_TYPE = YES_ERROR;
				GCC_WARN_UNDECLARED_SELECTOR = YES;
				GCC_WARN_UNINITIALIZED_AUTOS = YES_AGGRESSIVE;
				GCC_WARN_UNUSED_FUNCTION = YES;
				GCC_WARN_UNUSED_VARIABLE = YES;
				IPHONEOS_DEPLOYMENT_TARGET = 17.2;
				LOCALIZATION_PREFERS_STRING_CATALOGS = YES;
				MTL_ENABLE_DEBUG_INFO = INCLUDE_SOURCE;
				MTL_FAST_MATH = YES;
				ONLY_ACTIVE_ARCH = YES;
				SDKROOT = iphoneos;
				SWIFT_ACTIVE_COMPILATION_CONDITIONS = "DEBUG $(inherited)";
				SWIFT_OPTIMIZATION_LEVEL = "-Onone";
			};
			name = Debug;
		};
		F797A12E2BCD1405003B2779 /* Release */ = {
			isa = XCBuildConfiguration;
			buildSettings = {
				ALWAYS_SEARCH_USER_PATHS = NO;
				ASSETCATALOG_COMPILER_GENERATE_SWIFT_ASSET_SYMBOL_EXTENSIONS = YES;
				CLANG_ANALYZER_NONNULL = YES;
				CLANG_ANALYZER_NUMBER_OBJECT_CONVERSION = YES_AGGRESSIVE;
				CLANG_CXX_LANGUAGE_STANDARD = "gnu++20";
				CLANG_ENABLE_MODULES = YES;
				CLANG_ENABLE_OBJC_ARC = YES;
				CLANG_ENABLE_OBJC_WEAK = YES;
				CLANG_WARN_BLOCK_CAPTURE_AUTORELEASING = YES;
				CLANG_WARN_BOOL_CONVERSION = YES;
				CLANG_WARN_COMMA = YES;
				CLANG_WARN_CONSTANT_CONVERSION = YES;
				CLANG_WARN_DEPRECATED_OBJC_IMPLEMENTATIONS = YES;
				CLANG_WARN_DIRECT_OBJC_ISA_USAGE = YES_ERROR;
				CLANG_WARN_DOCUMENTATION_COMMENTS = YES;
				CLANG_WARN_EMPTY_BODY = YES;
				CLANG_WARN_ENUM_CONVERSION = YES;
				CLANG_WARN_INFINITE_RECURSION = YES;
				CLANG_WARN_INT_CONVERSION = YES;
				CLANG_WARN_NON_LITERAL_NULL_CONVERSION = YES;
				CLANG_WARN_OBJC_IMPLICIT_RETAIN_SELF = YES;
				CLANG_WARN_OBJC_LITERAL_CONVERSION = YES;
				CLANG_WARN_OBJC_ROOT_CLASS = YES_ERROR;
				CLANG_WARN_QUOTED_INCLUDE_IN_FRAMEWORK_HEADER = YES;
				CLANG_WARN_RANGE_LOOP_ANALYSIS = YES;
				CLANG_WARN_STRICT_PROTOTYPES = YES;
				CLANG_WARN_SUSPICIOUS_MOVE = YES;
				CLANG_WARN_UNGUARDED_AVAILABILITY = YES_AGGRESSIVE;
				CLANG_WARN_UNREACHABLE_CODE = YES;
				CLANG_WARN__DUPLICATE_METHOD_MATCH = YES;
				COPY_PHASE_STRIP = NO;
				DEBUG_INFORMATION_FORMAT = "dwarf-with-dsym";
				ENABLE_NS_ASSERTIONS = NO;
				ENABLE_STRICT_OBJC_MSGSEND = YES;
				ENABLE_USER_SCRIPT_SANDBOXING = YES;
				GCC_C_LANGUAGE_STANDARD = gnu17;
				GCC_NO_COMMON_BLOCKS = YES;
				GCC_WARN_64_TO_32_BIT_CONVERSION = YES;
				GCC_WARN_ABOUT_RETURN_TYPE = YES_ERROR;
				GCC_WARN_UNDECLARED_SELECTOR = YES;
				GCC_WARN_UNINITIALIZED_AUTOS = YES_AGGRESSIVE;
				GCC_WARN_UNUSED_FUNCTION = YES;
				GCC_WARN_UNUSED_VARIABLE = YES;
				IPHONEOS_DEPLOYMENT_TARGET = 17.2;
				LOCALIZATION_PREFERS_STRING_CATALOGS = YES;
				MTL_ENABLE_DEBUG_INFO = NO;
				MTL_FAST_MATH = YES;
				SDKROOT = iphoneos;
				SWIFT_COMPILATION_MODE = wholemodule;
				VALIDATE_PRODUCT = YES;
			};
			name = Release;
		};
		F797A1302BCD1405003B2779 /* Debug */ = {
			isa = XCBuildConfiguration;
			buildSettings = {
				ASSETCATALOG_COMPILER_APPICON_NAME = AppIcon;
				ASSETCATALOG_COMPILER_GLOBAL_ACCENT_COLOR_NAME = AccentColor;
				CODE_SIGN_STYLE = Automatic;
				CURRENT_PROJECT_VERSION = 1;
				GENERATE_INFOPLIST_FILE = YES;
				INFOPLIST_FILE = "Test-Swift-Dispatch/Info.plist";
				INFOPLIST_KEY_UIApplicationSupportsIndirectInputEvents = YES;
				INFOPLIST_KEY_UILaunchStoryboardName = LaunchScreen;
				INFOPLIST_KEY_UIMainStoryboardFile = Main;
				INFOPLIST_KEY_UISupportedInterfaceOrientations_iPad = "UIInterfaceOrientationPortrait UIInterfaceOrientationPortraitUpsideDown UIInterfaceOrientationLandscapeLeft UIInterfaceOrientationLandscapeRight";
				INFOPLIST_KEY_UISupportedInterfaceOrientations_iPhone = "UIInterfaceOrientationPortrait UIInterfaceOrientationLandscapeLeft UIInterfaceOrientationLandscapeRight";
				LD_RUNPATH_SEARCH_PATHS = (
					"$(inherited)",
					"@executable_path/Frameworks",
				);
				MARKETING_VERSION = 1.0;
				PRODUCT_BUNDLE_IDENTIFIER = "com.chill.Test-Swift-Dispatch";
				PRODUCT_NAME = "$(TARGET_NAME)";
				SWIFT_EMIT_LOC_STRINGS = YES;
				SWIFT_VERSION = 5.0;
				TARGETED_DEVICE_FAMILY = "1,2";
			};
			name = Debug;
		};
		F797A1312BCD1405003B2779 /* Release */ = {
			isa = XCBuildConfiguration;
			buildSettings = {
				ASSETCATALOG_COMPILER_APPICON_NAME = AppIcon;
				ASSETCATALOG_COMPILER_GLOBAL_ACCENT_COLOR_NAME = AccentColor;
				CODE_SIGN_STYLE = Automatic;
				CURRENT_PROJECT_VERSION = 1;
				GENERATE_INFOPLIST_FILE = YES;
				INFOPLIST_FILE = "Test-Swift-Dispatch/Info.plist";
				INFOPLIST_KEY_UIApplicationSupportsIndirectInputEvents = YES;
				INFOPLIST_KEY_UILaunchStoryboardName = LaunchScreen;
				INFOPLIST_KEY_UIMainStoryboardFile = Main;
				INFOPLIST_KEY_UISupportedInterfaceOrientations_iPad = "UIInterfaceOrientationPortrait UIInterfaceOrientationPortraitUpsideDown UIInterfaceOrientationLandscapeLeft UIInterfaceOrientationLandscapeRight";
				INFOPLIST_KEY_UISupportedInterfaceOrientations_iPhone = "UIInterfaceOrientationPortrait UIInterfaceOrientationLandscapeLeft UIInterfaceOrientationLandscapeRight";
				LD_RUNPATH_SEARCH_PATHS = (
					"$(inherited)",
					"@executable_path/Frameworks",
				);
				MARKETING_VERSION = 1.0;
				PRODUCT_BUNDLE_IDENTIFIER = "com.chill.Test-Swift-Dispatch";
				PRODUCT_NAME = "$(TARGET_NAME)";
				SWIFT_EMIT_LOC_STRINGS = YES;
				SWIFT_VERSION = 5.0;
				TARGETED_DEVICE_FAMILY = "1,2";
			};
			name = Release;
		};
/* End XCBuildConfiguration section */

/* Begin XCConfigurationList section */
		F797A1162BCD1401003B2779 /* Build configuration list for PBXProject "Test-Swift-Dispatch" */ = {
			isa = XCConfigurationList;
			buildConfigurations = (
				F797A12D2BCD1405003B2779 /* Debug */,
				F797A12E2BCD1405003B2779 /* Release */,
			);
			defaultConfigurationIsVisible = 0;
			defaultConfigurationName = Release;
		};
		F797A12F2BCD1405003B2779 /* Build configuration list for PBXNativeTarget "Test-Swift-Dispatch" */ = {
			isa = XCConfigurationList;
			buildConfigurations = (
				F797A1302BCD1405003B2779 /* Debug */,
				F797A1312BCD1405003B2779 /* Release */,
			);
			defaultConfigurationIsVisible = 0;
			defaultConfigurationName = Release;
		};
/* End XCConfigurationList section */
	};
	rootObject = F797A1132BCD1401003B2779 /* Project object */;
}
